
Microsoft Visual Studio Solution File, Format Version 12.00
# Visual Studio 15
VisualStudioVersion = 15.0.28010.2048
MinimumVisualStudioVersion = 10.0.40219.1
Project("{9A19103F-16F7-4668-BE54-9A1E7A4F7556}") = "netcore_blueview", "..\netcore_blueview.csproj", "{07BA30CF-0329-4042-AB77-135A9777D187}"
EndProject
Global
	GlobalSection(SolutionConfigurationPlatforms) = preSolution
		Debug|Any CPU = Debug|Any CPU
		Release|Any CPU = Release|Any CPU
	EndGlobalSection
	GlobalSection(ProjectConfigurationPlatforms) = postSolution
		{07BA30CF-0329-4042-AB77-135A9777D187}.Debug|Any CPU.ActiveCfg = Debug|Any CPU
		{07BA30CF-0329-4042-AB77-135A9777D187}.Debug|Any CPU.Build.0 = Debug|Any CPU
		{07BA30CF-0329-4042-AB77-135A9777D187}.Release|Any CPU.ActiveCfg = Release|Any CPU
		{07BA30CF-0329-4042-AB77-135A9777D187}.Release|Any CPU.Build.0 = Release|Any CPU
	EndGlobalSection
	GlobalSection(SolutionProperties) = preSolution
		HideSolutionNode = FALSE
	EndGlobalSection
	GlobalSection(ExtensibilityGlobals) = postSolution
		SolutionGuid = {2E61FE93-9B99-4F06-9082-48B3F1F5F666}
	EndGlobalSection
EndGlobal
